
Microsoft Visual Studio Solution File, Format Version 12.00
# Visual Studio Version 17
VisualStudioVersion = 17.6.33712.159
MinimumVisualStudioVersion = 10.0.40219.1
Project("{FAE04EC0-301F-11D3-BF4B-00C04F79EFBC}") = "web-app", "web-app.csproj", "{664180D2-8940-4C00-8C9F-22DE84E8F16B}"
EndProject
Project("{FAE04EC0-301F-11D3-BF4B-00C04F79EFBC}") = "web-api", "..\web-api\web-api.csproj", "{92EEA603-FBF6-4BB7-96BC-2F68F0D3061C}"
EndProject
Global
	GlobalSection(SolutionConfigurationPlatforms) = preSolution
		Debug|Any CPU = Debug|Any CPU
		Release|Any CPU = Release|Any CPU
	EndGlobalSection
	GlobalSection(ProjectConfigurationPlatforms) = postSolution
		{664180D2-8940-4C00-8C9F-22DE84E8F16B}.Debug|Any CPU.ActiveCfg = Debug|Any CPU
		{664180D2-8940-4C00-8C9F-22DE84E8F16B}.Debug|Any CPU.Build.0 = Debug|Any CPU
		{664180D2-8940-4C00-8C9F-22DE84E8F16B}.Release|Any CPU.ActiveCfg = Release|Any CPU
		{664180D2-8940-4C00-8C9F-22DE84E8F16B}.Release|Any CPU.Build.0 = Release|Any CPU
		{92EEA603-FBF6-4BB7-96BC-2F68F0D3061C}.Debug|Any CPU.ActiveCfg = Debug|Any CPU
		{92EEA603-FBF6-4BB7-96BC-2F68F0D3061C}.Debug|Any CPU.Build.0 = Debug|Any CPU
		{92EEA603-FBF6-4BB7-96BC-2F68F0D3061C}.Release|Any CPU.ActiveCfg = Release|Any CPU
		{92EEA603-FBF6-4BB7-96BC-2F68F0D3061C}.Release|Any CPU.Build.0 = Release|Any CPU
	EndGlobalSection
	GlobalSection(SolutionProperties) = preSolution
		HideSolutionNode = FALSE
	EndGlobalSection
	GlobalSection(ExtensibilityGlobals) = postSolution
		SolutionGuid = {670B6767-AEBF-4E44-91F3-FCC6C3AB0096}
	EndGlobalSection
EndGlobal
